
Microsoft Visual Studio Solution File, Format Version 12.00
# Visual Studio Version 17
VisualStudioVersion = 17.8.34309.116
MinimumVisualStudioVersion = 10.0.40219.1
Project("{9A19103F-16F7-4668-BE54-9A1E7A4F7556}") = "NotifyBotMiniApp", "NotifyBotMiniApp\NotifyBotMiniApp.csproj", "{224EB14D-6785-4F59-96E9-7A64F20FB551}"
EndProject
Project("{FAE04EC0-301F-11D3-BF4B-00C04F79EFBC}") = "NotifyBotMiniApp.Tests", "NotifyBotMiniApp.Tests\NotifyBotMiniApp.Tests.csproj", "{52FCA741-2AE3-4476-9AE8-46F23052A25D}"
	ProjectSection(ProjectDependencies) = postProject
		{224EB14D-6785-4F59-96E9-7A64F20FB551} = {224EB14D-6785-4F59-96E9-7A64F20FB551}
	EndProjectSection
EndProject
Global
	GlobalSection(SolutionConfigurationPlatforms) = preSolution
		Debug|Any CPU = Debug|Any CPU
		Release|Any CPU = Release|Any CPU
	EndGlobalSection
	GlobalSection(ProjectConfigurationPlatforms) = postSolution
		{224EB14D-6785-4F59-96E9-7A64F20FB551}.Debug|Any CPU.ActiveCfg = Debug|Any CPU
		{224EB14D-6785-4F59-96E9-7A64F20FB551}.Debug|Any CPU.Build.0 = Debug|Any CPU
		{224EB14D-6785-4F59-96E9-7A64F20FB551}.Release|Any CPU.ActiveCfg = Release|Any CPU
		{224EB14D-6785-4F59-96E9-7A64F20FB551}.Release|Any CPU.Build.0 = Release|Any CPU
		{52FCA741-2AE3-4476-9AE8-46F23052A25D}.Debug|Any CPU.ActiveCfg = Debug|Any CPU
		{52FCA741-2AE3-4476-9AE8-46F23052A25D}.Debug|Any CPU.Build.0 = Debug|Any CPU
		{52FCA741-2AE3-4476-9AE8-46F23052A25D}.Release|Any CPU.ActiveCfg = Release|Any CPU
		{52FCA741-2AE3-4476-9AE8-46F23052A25D}.Release|Any CPU.Build.0 = Release|Any CPU
	EndGlobalSection
	GlobalSection(SolutionProperties) = preSolution
		HideSolutionNode = FALSE
	EndGlobalSection
	GlobalSection(ExtensibilityGlobals) = postSolution
		SolutionGuid = {EE414B7F-2311-4A4C-BCCD-1CE44A336225}
	EndGlobalSection
EndGlobal
